// !$*UTF8*$!
{
	archiveVersion = 1;
	classes = {
	};
	objectVersion = 46;
	objects = {

/* Begin PBXBuildFile section */
		BDF0CB901D58123400663741 /* AppDelegate.swift in Sources */ = {isa = PBXBuildFile; fileRef = BDF0CB8F1D58123400663741 /* AppDelegate.swift */; };
		BDF0CB921D58123400663741 /* ViewController.swift in Sources */ = {isa = PBXBuildFile; fileRef = BDF0CB911D58123400663741 /* ViewController.swift */; };
		BDF0CB951D58123400663741 /* Main.storyboard in Resources */ = {isa = PBXBuildFile; fileRef = BDF0CB931D58123400663741 /* Main.storyboard */; };
		BDF0CB971D58123400663741 /* Assets.xcassets in Resources */ = {isa = PBXBuildFile; fileRef = BDF0CB961D58123400663741 /* Assets.xcassets */; };
		BDF0CB9A1D58123400663741 /* LaunchScreen.storyboard in Resources */ = {isa = PBXBuildFile; fileRef = BDF0CB981D58123400663741 /* LaunchScreen.storyboard */; };
		BDF0CBA51D58123400663741 /* Tippy_Chi_YayTests.swift in Sources */ = {isa = PBXBuildFile; fileRef = BDF0CBA41D58123400663741 /* Tippy_Chi_YayTests.swift */; };
		BDF0CBB01D58123400663741 /* Tippy_Chi_YayUITests.swift in Sources */ = {isa = PBXBuildFile; fileRef = BDF0CBAF1D58123400663741 /* Tippy_Chi_YayUITests.swift */; };
/* End PBXBuildFile section */

/* Begin PBXContainerItemProxy section */
		BDF0CBA11D58123400663741 /* PBXContainerItemProxy */ = {
			isa = PBXContainerItemProxy;
			containerPortal = BDF0CB841D58123400663741 /* Project object */;
			proxyType = 1;
			remoteGlobalIDString = BDF0CB8B1D58123400663741;
			remoteInfo = "Tippy Chi Yay";
		};
		BDF0CBAC1D58123400663741 /* PBXContainerItemProxy */ = {
			isa = PBXContainerItemProxy;
			containerPortal = BDF0CB841D58123400663741 /* Project object */;
			proxyType = 1;
			remoteGlobalIDString = BDF0CB8B1D58123400663741;
			remoteInfo = "Tippy Chi Yay";
		};
/* End PBXContainerItemProxy section */

/* Begin PBXFileReference section */
		BDF0CB8C1D58123400663741 /* Tippy Chi Yay.app */ = {isa = PBXFileReference; explicitFileType = wrapper.application; includeInIndex = 0; path = "Tippy Chi Yay.app"; sourceTree = BUILT_PRODUCTS_DIR; };
		BDF0CB8F1D58123400663741 /* AppDelegate.swift */ = {isa = PBXFileReference; lastKnownFileType = sourcecode.swift; path = AppDelegate.swift; sourceTree = "<group>"; };
		BDF0CB911D58123400663741 /* ViewController.swift */ = {isa = PBXFileReference; lastKnownFileType = sourcecode.swift; path = ViewController.swift; sourceTree = "<group>"; };
		BDF0CB941D58123400663741 /* Base */ = {isa = PBXFileReference; lastKnownFileType = file.storyboard; name = Base; path = Base.lproj/Main.storyboard; sourceTree = "<group>"; };
		BDF0CB961D58123400663741 /* Assets.xcassets */ = {isa = PBXFileReference; lastKnownFileType = folder.assetcatalog; path = Assets.xcassets; sourceTree = "<group>"; };
		BDF0CB991D58123400663741 /* Base */ = {isa = PBXFileReference; lastKnownFileType = file.storyboard; name = Base; path = Base.lproj/LaunchScreen.storyboard; sourceTree = "<group>"; };
		BDF0CB9B1D58123400663741 /* Info.plist */ = {isa = PBXFileReference; lastKnownFileType = text.plist.xml; path = Info.plist; sourceTree = "<group>"; };
		BDF0CBA01D58123400663741 /* Tippy Chi YayTests.xctest */ = {isa = PBXFileReference; explicitFileType = wrapper.cfbundle; includeInIndex = 0; path = "Tippy Chi YayTests.xctest"; sourceTree = BUILT_PRODUCTS_DIR; };
		BDF0CBA41D58123400663741 /* Tippy_Chi_YayTests.swift */ = {isa = PBXFileReference; lastKnownFileType = sourcecode.swift; path = Tippy_Chi_YayTests.swift; sourceTree = "<group>"; };
		BDF0CBA61D58123400663741 /* Info.plist */ = {isa = PBXFileReference; lastKnownFileType = text.plist.xml; path = Info.plist; sourceTree = "<group>"; };
		BDF0CBAB1D58123400663741 /* Tippy Chi YayUITests.xctest */ = {isa = PBXFileReference; explicitFileType = wrapper.cfbundle; includeInIndex = 0; path = "Tippy Chi YayUITests.xctest"; sourceTree = BUILT_PRODUCTS_DIR; };
		BDF0CBAF1D58123400663741 /* Tippy_Chi_YayUITests.swift */ = {isa = PBXFileReference; lastKnownFileType = sourcecode.swift; path = Tippy_Chi_YayUITests.swift; sourceTree = "<group>"; };
		BDF0CBB11D58123400663741 /* Info.plist */ = {isa = PBXFileReference; lastKnownFileType = text.plist.xml; path = Info.plist; sourceTree = "<group>"; };
/* End PBXFileReference section */

/* Begin PBXFrameworksBuildPhase section */
		BDF0CB891D58123400663741 /* Frameworks */ = {
			isa = PBXFrameworksBuildPhase;
			buildActionMask = 2147483647;
			files = (
			);
			runOnlyForDeploymentPostprocessing = 0;
		};
		BDF0CB9D1D58123400663741 /* Frameworks */ = {
			isa = PBXFrameworksBuildPhase;
			buildActionMask = 2147483647;
			files = (
			);
			runOnlyForDeploymentPostprocessing = 0;
		};
		BDF0CBA81D58123400663741 /* Frameworks */ = {
			isa = PBXFrameworksBuildPhase;
			buildActionMask = 2147483647;
			files = (
			);
			runOnlyForDeploymentPostprocessing = 0;
		};
/* End PBXFrameworksBuildPhase section */

/* Begin PBXGroup section */
		BDF0CB831D58123400663741 = {
			isa = PBXGroup;
			children = (
				BDF0CB8E1D58123400663741 /* Tippy Chi Yay */,
				BDF0CBA31D58123400663741 /* Tippy Chi YayTests */,
				BDF0CBAE1D58123400663741 /* Tippy Chi YayUITests */,
				BDF0CB8D1D58123400663741 /* Products */,
			);
			sourceTree = "<group>";
		};
		BDF0CB8D1D58123400663741 /* Products */ = {
			isa = PBXGroup;
			children = (
				BDF0CB8C1D58123400663741 /* Tippy Chi Yay.app */,
				BDF0CBA01D58123400663741 /* Tippy Chi YayTests.xctest */,
				BDF0CBAB1D58123400663741 /* Tippy Chi YayUITests.xctest */,
			);
			name = Products;
			sourceTree = "<group>";
		};
		BDF0CB8E1D58123400663741 /* Tippy Chi Yay */ = {
			isa = PBXGroup;
			children = (
				BDF0CB8F1D58123400663741 /* AppDelegate.swift */,
				BDF0CB911D58123400663741 /* ViewController.swift */,
				BDF0CB931D58123400663741 /* Main.storyboard */,
				BDF0CB961D58123400663741 /* Assets.xcassets */,
				BDF0CB981D58123400663741 /* LaunchScreen.storyboard */,
				BDF0CB9B1D58123400663741 /* Info.plist */,
			);
			path = "Tippy Chi Yay";
			sourceTree = "<group>";
		};
		BDF0CBA31D58123400663741 /* Tippy Chi YayTests */ = {
			isa = PBXGroup;
			children = (
				BDF0CBA41D58123400663741 /* Tippy_Chi_YayTests.swift */,
				BDF0CBA61D58123400663741 /* Info.plist */,
			);
			path = "Tippy Chi YayTests";
			sourceTree = "<group>";
		};
		BDF0CBAE1D58123400663741 /* Tippy Chi YayUITests */ = {
			isa = PBXGroup;
			children = (
				BDF0CBAF1D58123400663741 /* Tippy_Chi_YayUITests.swift */,
				BDF0CBB11D58123400663741 /* Info.plist */,
			);
			path = "Tippy Chi YayUITests";
			sourceTree = "<group>";
		};
/* End PBXGroup section */

/* Begin PBXNativeTarget section */
		BDF0CB8B1D58123400663741 /* Tippy Chi Yay */ = {
			isa = PBXNativeTarget;
			buildConfigurationList = BDF0CBB41D58123400663741 /* Build configuration list for PBXNativeTarget "Tippy Chi Yay" */;
			buildPhases = (
				BDF0CB881D58123400663741 /* Sources */,
				BDF0CB891D58123400663741 /* Frameworks */,
				BDF0CB8A1D58123400663741 /* Resources */,
			);
			buildRules = (
			);
			dependencies = (
			);
			name = "Tippy Chi Yay";
			productName = "Tippy Chi Yay";
			productReference = BDF0CB8C1D58123400663741 /* Tippy Chi Yay.app */;
			productType = "com.apple.product-type.application";
		};
		BDF0CB9F1D58123400663741 /* Tippy Chi YayTests */ = {
			isa = PBXNativeTarget;
			buildConfigurationList = BDF0CBB71D58123400663741 /* Build configuration list for PBXNativeTarget "Tippy Chi YayTests" */;
			buildPhases = (
				BDF0CB9C1D58123400663741 /* Sources */,
				BDF0CB9D1D58123400663741 /* Frameworks */,
				BDF0CB9E1D58123400663741 /* Resources */,
			);
			buildRules = (
			);
			dependencies = (
				BDF0CBA21D58123400663741 /* PBXTargetDependency */,
			);
			name = "Tippy Chi YayTests";
			productName = "Tippy Chi YayTests";
			productReference = BDF0CBA01D58123400663741 /* Tippy Chi YayTests.xctest */;
			productType = "com.apple.product-type.bundle.unit-test";
		};
		BDF0CBAA1D58123400663741 /* Tippy Chi YayUITests */ = {
			isa = PBXNativeTarget;
			buildConfigurationList = BDF0CBBA1D58123400663741 /* Build configuration list for PBXNativeTarget "Tippy Chi YayUITests" */;
			buildPhases = (
				BDF0CBA71D58123400663741 /* Sources */,
				BDF0CBA81D58123400663741 /* Frameworks */,
				BDF0CBA91D58123400663741 /* Resources */,
			);
			buildRules = (
			);
			dependencies = (
				BDF0CBAD1D58123400663741 /* PBXTargetDependency */,
			);
			name = "Tippy Chi YayUITests";
			productName = "Tippy Chi YayUITests";
			productReference = BDF0CBAB1D58123400663741 /* Tippy Chi YayUITests.xctest */;
			productType = "com.apple.product-type.bundle.ui-testing";
		};
/* End PBXNativeTarget section */

/* Begin PBXProject section */
		BDF0CB841D58123400663741 /* Project object */ = {
			isa = PBXProject;
			attributes = {
				LastSwiftUpdateCheck = 0730;
				LastUpgradeCheck = 0730;
				ORGANIZATIONNAME = "Hachey,Alex";
				TargetAttributes = {
					BDF0CB8B1D58123400663741 = {
						CreatedOnToolsVersion = 7.3.1;
					};
					BDF0CB9F1D58123400663741 = {
						CreatedOnToolsVersion = 7.3.1;
						TestTargetID = BDF0CB8B1D58123400663741;
					};
					BDF0CBAA1D58123400663741 = {
						CreatedOnToolsVersion = 7.3.1;
						TestTargetID = BDF0CB8B1D58123400663741;
					};
				};
			};
			buildConfigurationList = BDF0CB871D58123400663741 /* Build configuration list for PBXProject "Tippy Chi Yay" */;
			compatibilityVersion = "Xcode 3.2";
			developmentRegion = English;
			hasScannedForEncodings = 0;
			knownRegions = (
				en,
				Base,
			);
			mainGroup = BDF0CB831D58123400663741;
			productRefGroup = BDF0CB8D1D58123400663741 /* Products */;
			projectDirPath = "";
			projectRoot = "";
			targets = (
				BDF0CB8B1D58123400663741 /* Tippy Chi Yay */,
				BDF0CB9F1D58123400663741 /* Tippy Chi YayTests */,
				BDF0CBAA1D58123400663741 /* Tippy Chi YayUITests */,
			);
		};
/* End PBXProject section */

/* Begin PBXResourcesBuildPhase section */
		BDF0CB8A1D58123400663741 /* Resources */ = {
			isa = PBXResourcesBuildPhase;
			buildActionMask = 2147483647;
			files = (
				BDF0CB9A1D58123400663741 /* LaunchScreen.storyboard in Resources */,
				BDF0CB971D58123400663741 /* Assets.xcassets in Resources */,
				BDF0CB951D58123400663741 /* Main.storyboard in Resources */,
			);
			runOnlyForDeploymentPostprocessing = 0;
		};
		BDF0CB9E1D58123400663741 /* Resources */ = {
			isa = PBXResourcesBuildPhase;
			buildActionMask = 2147483647;
			files = (
			);
			runOnlyForDeploymentPostprocessing = 0;
		};
		BDF0CBA91D58123400663741 /* Resources */ = {
			isa = PBXResourcesBuildPhase;
			buildActionMask = 2147483647;
			files = (
			);
			runOnlyForDeploymentPostprocessing = 0;
		};
/* End PBXResourcesBuildPhase section */

/* Begin PBXSourcesBuildPhase section */
		BDF0CB881D58123400663741 /* Sources */ = {
			isa = PBXSourcesBuildPhase;
			buildActionMask = 2147483647;
			files = (
				BDF0CB921D58123400663741 /* ViewController.swift in Sources */,
				BDF0CB901D58123400663741 /* AppDelegate.swift in Sources */,
			);
			runOnlyForDeploymentPostprocessing = 0;
		};
		BDF0CB9C1D58123400663741 /* Sources */ = {
			isa = PBXSourcesBuildPhase;
			buildActionMask = 2147483647;
			files = (
				BDF0CBA51D58123400663741 /* Tippy_Chi_YayTests.swift in Sources */,
			);
			runOnlyForDeploymentPostprocessing = 0;
		};
		BDF0CBA71D58123400663741 /* Sources */ = {
			isa = PBXSourcesBuildPhase;
			buildActionMask = 2147483647;
			files = (
				BDF0CBB01D58123400663741 /* Tippy_Chi_YayUITests.swift in Sources */,
			);
			runOnlyForDeploymentPostprocessing = 0;
		};
/* End PBXSourcesBuildPhase section */

/* Begin PBXTargetDependency section */
		BDF0CBA21D58123400663741 /* PBXTargetDependency */ = {
			isa = PBXTargetDependency;
			target = BDF0CB8B1D58123400663741 /* Tippy Chi Yay */;
			targetProxy = BDF0CBA11D58123400663741 /* PBXContainerItemProxy */;
		};
		BDF0CBAD1D58123400663741 /* PBXTargetDependency */ = {
			isa = PBXTargetDependency;
			target = BDF0CB8B1D58123400663741 /* Tippy Chi Yay */;
			targetProxy = BDF0CBAC1D58123400663741 /* PBXContainerItemProxy */;
		};
/* End PBXTargetDependency section */

/* Begin PBXVariantGroup section */
		BDF0CB931D58123400663741 /* Main.storyboard */ = {
			isa = PBXVariantGroup;
			children = (
				BDF0CB941D58123400663741 /* Base */,
			);
			name = Main.storyboard;
			sourceTree = "<group>";
		};
		BDF0CB981D58123400663741 /* LaunchScreen.storyboard */ = {
			isa = PBXVariantGroup;
			children = (
				BDF0CB991D58123400663741 /* Base */,
			);
			name = LaunchScreen.storyboard;
			sourceTree = "<group>";
		};
/* End PBXVariantGroup section */

/* Begin XCBuildConfiguration section */
		BDF0CBB21D58123400663741 /* Debug */ = {
			isa = XCBuildConfiguration;
			buildSettings = {
				ALWAYS_SEARCH_USER_PATHS = NO;
				CLANG_ANALYZER_NONNULL = YES;
				CLANG_CXX_LANGUAGE_STANDARD = "gnu++0x";
				CLANG_CXX_LIBRARY = "libc++";
				CLANG_ENABLE_MODULES = YES;
				CLANG_ENABLE_OBJC_ARC = YES;
				CLANG_WARN_BOOL_CONVERSION = YES;
				CLANG_WARN_CONSTANT_CONVERSION = YES;
				CLANG_WARN_DIRECT_OBJC_ISA_USAGE = YES_ERROR;
				CLANG_WARN_EMPTY_BODY = YES;
				CLANG_WARN_ENUM_CONVERSION = YES;
				CLANG_WARN_INT_CONVERSION = YES;
				CLANG_WARN_OBJC_ROOT_CLASS = YES_ERROR;
				CLANG_WARN_UNREACHABLE_CODE = YES;
				CLANG_WARN__DUPLICATE_METHOD_MATCH = YES;
				"CODE_SIGN_IDENTITY[sdk=iphoneos*]" = "iPhone Developer";
				COPY_PHASE_STRIP = NO;
				DEBUG_INFORMATION_FORMAT = dwarf;
				ENABLE_STRICT_OBJC_MSGSEND = YES;
				ENABLE_TESTABILITY = YES;
				GCC_C_LANGUAGE_STANDARD = gnu99;
				GCC_DYNAMIC_NO_PIC = NO;
				GCC_NO_COMMON_BLOCKS = YES;
				GCC_OPTIMIZATION_LEVEL = 0;
				GCC_PREPROCESSOR_DEFINITIONS = (
					"DEBUG=1",
					"$(inherited)",
				);
				GCC_WARN_64_TO_32_BIT_CONVERSION = YES;
				GCC_WARN_ABOUT_RETURN_TYPE = YES_ERROR;
				GCC_WARN_UNDECLARED_SELECTOR = YES;
				GCC_WARN_UNINITIALIZED_AUTOS = YES_AGGRESSIVE;
				GCC_WARN_UNUSED_FUNCTION = YES;
				GCC_WARN_UNUSED_VARIABLE = YES;
				IPHONEOS_DEPLOYMENT_TARGET = 9.3;
				MTL_ENABLE_DEBUG_INFO = YES;
				ONLY_ACTIVE_ARCH = YES;
				SDKROOT = iphoneos;
				SWIFT_OPTIMIZATION_LEVEL = "-Onone";
			};
			name = Debug;
		};
		BDF0CBB31D58123400663741 /* Release */ = {
			isa = XCBuildConfiguration;
			buildSettings = {
				ALWAYS_SEARCH_USER_PATHS = NO;
				CLANG_ANALYZER_NONNULL = YES;
				CLANG_CXX_LANGUAGE_STANDARD = "gnu++0x";
				CLANG_CXX_LIBRARY = "libc++";
				CLANG_ENABLE_MODULES = YES;
				CLANG_ENABLE_OBJC_ARC = YES;
				CLANG_WARN_BOOL_CONVERSION = YES;
				CLANG_WARN_CONSTANT_CONVERSION = YES;
				CLANG_WARN_DIRECT_OBJC_ISA_USAGE = YES_ERROR;
				CLANG_WARN_EMPTY_BODY = YES;
				CLANG_WARN_ENUM_CONVERSION = YES;
				CLANG_WARN_INT_CONVERSION = YES;
				CLANG_WARN_OBJC_ROOT_CLASS = YES_ERROR;
				CLANG_WARN_UNREACHABLE_CODE = YES;
				CLANG_WARN__DUPLICATE_METHOD_MATCH = YES;
				"CODE_SIGN_IDENTITY[sdk=iphoneos*]" = "iPhone Developer";
				COPY_PHASE_STRIP = NO;
				DEBUG_INFORMATION_FORMAT = "dwarf-with-dsym";
				ENABLE_NS_ASSERTIONS = NO;
				ENABLE_STRICT_OBJC_MSGSEND = YES;
				GCC_C_LANGUAGE_STANDARD = gnu99;
				GCC_NO_COMMON_BLOCKS = YES;
				GCC_WARN_64_TO_32_BIT_CONVERSION = YES;
				GCC_WARN_ABOUT_RETURN_TYPE = YES_ERROR;
				GCC_WARN_UNDECLARED_SELECTOR = YES;
				GCC_WARN_UNINITIALIZED_AUTOS = YES_AGGRESSIVE;
				GCC_WARN_UNUSED_FUNCTION = YES;
				GCC_WARN_UNUSED_VARIABLE = YES;
				IPHONEOS_DEPLOYMENT_TARGET = 9.3;
				MTL_ENABLE_DEBUG_INFO = NO;
				SDKROOT = iphoneos;
				VALIDATE_PRODUCT = YES;
			};
			name = Release;
		};
		BDF0CBB51D58123400663741 /* Debug */ = {
			isa = XCBuildConfiguration;
			buildSettings = {
				ASSETCATALOG_COMPILER_APPICON_NAME = AppIcon;
				INFOPLIST_FILE = "Tippy Chi Yay/Info.plist";
				LD_RUNPATH_SEARCH_PATHS = "$(inherited) @executable_path/Frameworks";
				PRODUCT_BUNDLE_IDENTIFIER = "com.AlexHachey.Tippy-Chi-Yay";
				PRODUCT_NAME = "$(TARGET_NAME)";
			};
			name = Debug;
		};
		BDF0CBB61D58123400663741 /* Release */ = {
			isa = XCBuildConfiguration;
			buildSettings = {
				ASSETCATALOG_COMPILER_APPICON_NAME = AppIcon;
				INFOPLIST_FILE = "Tippy Chi Yay/Info.plist";
				LD_RUNPATH_SEARCH_PATHS = "$(inherited) @executable_path/Frameworks";
				PRODUCT_BUNDLE_IDENTIFIER = "com.AlexHachey.Tippy-Chi-Yay";
				PRODUCT_NAME = "$(TARGET_NAME)";
			};
			name = Release;
		};
		BDF0CBB81D58123400663741 /* Debug */ = {
			isa = XCBuildConfiguration;
			buildSettings = {
				BUNDLE_LOADER = "$(TEST_HOST)";
				INFOPLIST_FILE = "Tippy Chi YayTests/Info.plist";
				LD_RUNPATH_SEARCH_PATHS = "$(inherited) @executable_path/Frameworks @loader_path/Frameworks";
				PRODUCT_BUNDLE_IDENTIFIER = "com.AlexHachey.Tippy-Chi-YayTests";
				PRODUCT_NAME = "$(TARGET_NAME)";
				TEST_HOST = "$(BUILT_PRODUCTS_DIR)/Tippy Chi Yay.app/Tippy Chi Yay";
			};
			name = Debug;
		};
		BDF0CBB91D58123400663741 /* Release */ = {
			isa = XCBuildConfiguration;
			buildSettings = {
				BUNDLE_LOADER = "$(TEST_HOST)";
				INFOPLIST_FILE = "Tippy Chi YayTests/Info.plist";
				LD_RUNPATH_SEARCH_PATHS = "$(inherited) @executable_path/Frameworks @loader_path/Frameworks";
				PRODUCT_BUNDLE_IDENTIFIER = "com.AlexHachey.Tippy-Chi-YayTests";
				PRODUCT_NAME = "$(TARGET_NAME)";
				TEST_HOST = "$(BUILT_PRODUCTS_DIR)/Tippy Chi Yay.app/Tippy Chi Yay";
			};
			name = Release;
		};
		BDF0CBBB1D58123400663741 /* Debug */ = {
			isa = XCBuildConfiguration;
			buildSettings = {
				INFOPLIST_FILE = "Tippy Chi YayUITests/Info.plist";
				LD_RUNPATH_SEARCH_PATHS = "$(inherited) @executable_path/Frameworks @loader_path/Frameworks";
				PRODUCT_BUNDLE_IDENTIFIER = "com.AlexHachey.Tippy-Chi-YayUITests";
				PRODUCT_NAME = "$(TARGET_NAME)";
				TEST_TARGET_NAME = "Tippy Chi Yay";
			};
			name = Debug;
		};
		BDF0CBBC1D58123400663741 /* Release */ = {
			isa = XCBuildConfiguration;
			buildSettings = {
				INFOPLIST_FILE = "Tippy Chi YayUITests/Info.plist";
				LD_RUNPATH_SEARCH_PATHS = "$(inherited) @executable_path/Frameworks @loader_path/Frameworks";
				PRODUCT_BUNDLE_IDENTIFIER = "com.AlexHachey.Tippy-Chi-YayUITests";
				PRODUCT_NAME = "$(TARGET_NAME)";
				TEST_TARGET_NAME = "Tippy Chi Yay";
			};
			name = Release;
		};
/* End XCBuildConfiguration section */

/* Begin XCConfigurationList section */
		BDF0CB871D58123400663741 /* Build configuration list for PBXProject "Tippy Chi Yay" */ = {
			isa = XCConfigurationList;
			buildConfigurations = (
				BDF0CBB21D58123400663741 /* Debug */,
				BDF0CBB31D58123400663741 /* Release */,
			);
			defaultConfigurationIsVisible = 0;
			defaultConfigurationName = Release;
		};
		BDF0CBB41D58123400663741 /* Build configuration list for PBXNativeTarget "Tippy Chi Yay" */ = {
			isa = XCConfigurationList;
			buildConfigurations = (
				BDF0CBB51D58123400663741 /* Debug */,
				BDF0CBB61D58123400663741 /* Release */,
			);
			defaultConfigurationIsVisible = 0;
		};
		BDF0CBB71D58123400663741 /* Build configuration list for PBXNativeTarget "Tippy Chi YayTests" */ = {
			isa = XCConfigurationList;
			buildConfigurations = (
				BDF0CBB81D58123400663741 /* Debug */,
				BDF0CBB91D58123400663741 /* Release */,
			);
			defaultConfigurationIsVisible = 0;
		};
		BDF0CBBA1D58123400663741 /* Build configuration list for PBXNativeTarget "Tippy Chi YayUITests" */ = {
			isa = XCConfigurationList;
			buildConfigurations = (
				BDF0CBBB1D58123400663741 /* Debug */,
				BDF0CBBC1D58123400663741 /* Release */,
			);
			defaultConfigurationIsVisible = 0;
		};
/* End XCConfigurationList section */
	};
	rootObject = BDF0CB841D58123400663741 /* Project object */;
}
